
Microsoft Visual Studio Solution File, Format Version 12.00
# Visual Studio Version 16
VisualStudioVersion = 16.0.29411.108
MinimumVisualStudioVersion = 10.0.40219.1
Project("{FAE04EC0-301F-11D3-BF4B-00C04F79EFBC}") = "String Manipulator - Group 2", "String Manipulator - Group 2\String Manipulator - Group 2.csproj", "{02492F0E-A4A8-4806-9E5A-B7CF9D8C2C65}"
EndProject
Project("{FAE04EC0-301F-11D3-BF4B-00C04F79EFBC}") = "Message Encrypter", "Message Encrypter\Message Encrypter.csproj", "{EBC6D290-2956-41F2-81F6-A3E7C768DC78}"
EndProject
Project("{FAE04EC0-301F-11D3-BF4B-00C04F79EFBC}") = "Battle Manager", "Battle Manager\Battle Manager.csproj", "{D1AC3251-5EB2-44F3-A5F6-4782660E0BAA}"
EndProject
Global
	GlobalSection(SolutionConfigurationPlatforms) = preSolution
		Debug|Any CPU = Debug|Any CPU
		Release|Any CPU = Release|Any CPU
	EndGlobalSection
	GlobalSection(ProjectConfigurationPlatforms) = postSolution
		{02492F0E-A4A8-4806-9E5A-B7CF9D8C2C65}.Debug|Any CPU.ActiveCfg = Debug|Any CPU
		{02492F0E-A4A8-4806-9E5A-B7CF9D8C2C65}.Debug|Any CPU.Build.0 = Debug|Any CPU
		{02492F0E-A4A8-4806-9E5A-B7CF9D8C2C65}.Release|Any CPU.ActiveCfg = Release|Any CPU
		{02492F0E-A4A8-4806-9E5A-B7CF9D8C2C65}.Release|Any CPU.Build.0 = Release|Any CPU
		{EBC6D290-2956-41F2-81F6-A3E7C768DC78}.Debug|Any CPU.ActiveCfg = Debug|Any CPU
		{EBC6D290-2956-41F2-81F6-A3E7C768DC78}.Debug|Any CPU.Build.0 = Debug|Any CPU
		{EBC6D290-2956-41F2-81F6-A3E7C768DC78}.Release|Any CPU.ActiveCfg = Release|Any CPU
		{EBC6D290-2956-41F2-81F6-A3E7C768DC78}.Release|Any CPU.Build.0 = Release|Any CPU
		{D1AC3251-5EB2-44F3-A5F6-4782660E0BAA}.Debug|Any CPU.ActiveCfg = Debug|Any CPU
		{D1AC3251-5EB2-44F3-A5F6-4782660E0BAA}.Debug|Any CPU.Build.0 = Debug|Any CPU
		{D1AC3251-5EB2-44F3-A5F6-4782660E0BAA}.Release|Any CPU.ActiveCfg = Release|Any CPU
		{D1AC3251-5EB2-44F3-A5F6-4782660E0BAA}.Release|Any CPU.Build.0 = Release|Any CPU
	EndGlobalSection
	GlobalSection(SolutionProperties) = preSolution
		HideSolutionNode = FALSE
	EndGlobalSection
	GlobalSection(ExtensibilityGlobals) = postSolution
		SolutionGuid = {FC339888-600D-484D-9242-8141E584450A}
	EndGlobalSection
EndGlobal
