
Microsoft Visual Studio Solution File, Format Version 12.00
# Visual Studio Version 16
VisualStudioVersion = 16.0.29519.87
MinimumVisualStudioVersion = 10.0.40219.1
Project("{9A19103F-16F7-4668-BE54-9A1E7A4F7556}") = "01. International SoftUniada", "01. International SoftUniada\01. International SoftUniada.csproj", "{F4721F8F-EF38-4ECA-B8CD-3DB331D4084C}"
EndProject
Project("{FAE04EC0-301F-11D3-BF4B-00C04F79EFBC}") = "02. Emoji Sumator", "02. Emoji Sumator\02. Emoji Sumator.csproj", "{9D2DEB70-9866-4038-8CAD-82233AD5084C}"
EndProject
Global
	GlobalSection(SolutionConfigurationPlatforms) = preSolution
		Debug|Any CPU = Debug|Any CPU
		Release|Any CPU = Release|Any CPU
	EndGlobalSection
	GlobalSection(ProjectConfigurationPlatforms) = postSolution
		{F4721F8F-EF38-4ECA-B8CD-3DB331D4084C}.Debug|Any CPU.ActiveCfg = Debug|Any CPU
		{F4721F8F-EF38-4ECA-B8CD-3DB331D4084C}.Debug|Any CPU.Build.0 = Debug|Any CPU
		{F4721F8F-EF38-4ECA-B8CD-3DB331D4084C}.Release|Any CPU.ActiveCfg = Release|Any CPU
		{F4721F8F-EF38-4ECA-B8CD-3DB331D4084C}.Release|Any CPU.Build.0 = Release|Any CPU
		{9D2DEB70-9866-4038-8CAD-82233AD5084C}.Debug|Any CPU.ActiveCfg = Debug|Any CPU
		{9D2DEB70-9866-4038-8CAD-82233AD5084C}.Debug|Any CPU.Build.0 = Debug|Any CPU
		{9D2DEB70-9866-4038-8CAD-82233AD5084C}.Release|Any CPU.ActiveCfg = Release|Any CPU
		{9D2DEB70-9866-4038-8CAD-82233AD5084C}.Release|Any CPU.Build.0 = Release|Any CPU
	EndGlobalSection
	GlobalSection(SolutionProperties) = preSolution
		HideSolutionNode = FALSE
	EndGlobalSection
	GlobalSection(ExtensibilityGlobals) = postSolution
		SolutionGuid = {ED390EB0-9924-423C-8AA9-0CB7ADC33C02}
	EndGlobalSection
EndGlobal
